
Microsoft Visual Studio Solution File, Format Version 12.00
# Visual Studio 15
VisualStudioVersion = 15.0.27004.2009
MinimumVisualStudioVersion = 10.0.40219.1
Project("{FAE04EC0-301F-11D3-BF4B-00C04F79EFBC}") = "UtilityDelta.Bash", "UtilityDelta.Bash\UtilityDelta.Bash.csproj", "{F3BEBB67-3B93-4E11-A23F-9F34F84D0DAD}"
EndProject
Project("{FAE04EC0-301F-11D3-BF4B-00C04F79EFBC}") = "UtilityDelta.Bash.Test", "UtilityDelta.Bash.Test\UtilityDelta.Bash.Test.csproj", "{B5177CBE-EC04-42E3-A1FC-9BB46BF84E50}"
EndProject
Global
	GlobalSection(SolutionConfigurationPlatforms) = preSolution
		Debug|Any CPU = Debug|Any CPU
		Release|Any CPU = Release|Any CPU
	EndGlobalSection
	GlobalSection(ProjectConfigurationPlatforms) = postSolution
		{F3BEBB67-3B93-4E11-A23F-9F34F84D0DAD}.Debug|Any CPU.ActiveCfg = Debug|Any CPU
		{F3BEBB67-3B93-4E11-A23F-9F34F84D0DAD}.Debug|Any CPU.Build.0 = Debug|Any CPU
		{F3BEBB67-3B93-4E11-A23F-9F34F84D0DAD}.Release|Any CPU.ActiveCfg = Release|Any CPU
		{F3BEBB67-3B93-4E11-A23F-9F34F84D0DAD}.Release|Any CPU.Build.0 = Release|Any CPU
		{B5177CBE-EC04-42E3-A1FC-9BB46BF84E50}.Debug|Any CPU.ActiveCfg = Debug|Any CPU
		{B5177CBE-EC04-42E3-A1FC-9BB46BF84E50}.Debug|Any CPU.Build.0 = Debug|Any CPU
		{B5177CBE-EC04-42E3-A1FC-9BB46BF84E50}.Release|Any CPU.ActiveCfg = Release|Any CPU
		{B5177CBE-EC04-42E3-A1FC-9BB46BF84E50}.Release|Any CPU.Build.0 = Release|Any CPU
	EndGlobalSection
	GlobalSection(SolutionProperties) = preSolution
		HideSolutionNode = FALSE
	EndGlobalSection
	GlobalSection(ExtensibilityGlobals) = postSolution
		SolutionGuid = {7AA8E441-2FDB-41BF-8CB0-7B8668519C55}
	EndGlobalSection
EndGlobal
